
Microsoft Visual Studio Solution File, Format Version 12.00
# Visual Studio Version 17
VisualStudioVersion = 17.10.35013.160
MinimumVisualStudioVersion = 10.0.40219.1
Project("{FAE04EC0-301F-11D3-BF4B-00C04F79EFBC}") = "ValheimServerEventSender", "ValheimServerEventSender\ValheimServerEventSender.csproj", "{282C6829-1F32-478D-824C-21288D770C9C}"
EndProject
Global
	GlobalSection(SolutionConfigurationPlatforms) = preSolution
		Debug|Any CPU = Debug|Any CPU
		Release|Any CPU = Release|Any CPU
	EndGlobalSection
	GlobalSection(ProjectConfigurationPlatforms) = postSolution
		{282C6829-1F32-478D-824C-21288D770C9C}.Debug|Any CPU.ActiveCfg = Debug|Any CPU
		{282C6829-1F32-478D-824C-21288D770C9C}.Debug|Any CPU.Build.0 = Debug|Any CPU
		{282C6829-1F32-478D-824C-21288D770C9C}.Release|Any CPU.ActiveCfg = Release|Any CPU
		{282C6829-1F32-478D-824C-21288D770C9C}.Release|Any CPU.Build.0 = Release|Any CPU
	EndGlobalSection
	GlobalSection(SolutionProperties) = preSolution
		HideSolutionNode = FALSE
	EndGlobalSection
	GlobalSection(ExtensibilityGlobals) = postSolution
		SolutionGuid = {F9C0F2B2-77E8-4E77-8956-B031CD2ADB66}
	EndGlobalSection
EndGlobal
